// !$*UTF8*$!
{
	archiveVersion = 1;
	classes = {
	};
	objectVersion = 50;
	objects = {

/* Begin PBXBuildFile section */
		342FEE122463743C00FA6A4C /* AppDelegate.swift in Sources */ = {isa = PBXBuildFile; fileRef = 342FEE112463743C00FA6A4C /* AppDelegate.swift */; };
		342FEE142463743C00FA6A4C /* SceneDelegate.swift in Sources */ = {isa = PBXBuildFile; fileRef = 342FEE132463743C00FA6A4C /* SceneDelegate.swift */; };
		342FEE162463743C00FA6A4C /* ViewController.swift in Sources */ = {isa = PBXBuildFile; fileRef = 342FEE152463743C00FA6A4C /* ViewController.swift */; };
		342FEE192463743C00FA6A4C /* Main.storyboard in Resources */ = {isa = PBXBuildFile; fileRef = 342FEE172463743C00FA6A4C /* Main.storyboard */; };
		342FEE1B2463743C00FA6A4C /* Assets.xcassets in Resources */ = {isa = PBXBuildFile; fileRef = 342FEE1A2463743C00FA6A4C /* Assets.xcassets */; };
		342FEE1E2463743C00FA6A4C /* LaunchScreen.storyboard in Resources */ = {isa = PBXBuildFile; fileRef = 342FEE1C2463743C00FA6A4C /* LaunchScreen.storyboard */; };
		342FEE2624637E9D00FA6A4C /* Student.swift in Sources */ = {isa = PBXBuildFile; fileRef = 342FEE2524637E9D00FA6A4C /* Student.swift */; };
/* End PBXBuildFile section */

/* Begin PBXFileReference section */
		342FEE0E2463743C00FA6A4C /* ITEA_04_Storyboard.app */ = {isa = PBXFileReference; explicitFileType = wrapper.application; includeInIndex = 0; path = ITEA_04_Storyboard.app; sourceTree = BUILT_PRODUCTS_DIR; };
		342FEE112463743C00FA6A4C /* AppDelegate.swift */ = {isa = PBXFileReference; lastKnownFileType = sourcecode.swift; path = AppDelegate.swift; sourceTree = "<group>"; };
		342FEE132463743C00FA6A4C /* SceneDelegate.swift */ = {isa = PBXFileReference; lastKnownFileType = sourcecode.swift; path = SceneDelegate.swift; sourceTree = "<group>"; };
		342FEE152463743C00FA6A4C /* ViewController.swift */ = {isa = PBXFileReference; lastKnownFileType = sourcecode.swift; path = ViewController.swift; sourceTree = "<group>"; };
		342FEE182463743C00FA6A4C /* Base */ = {isa = PBXFileReference; lastKnownFileType = file.storyboard; name = Base; path = Base.lproj/Main.storyboard; sourceTree = "<group>"; };
		342FEE1A2463743C00FA6A4C /* Assets.xcassets */ = {isa = PBXFileReference; lastKnownFileType = folder.assetcatalog; path = Assets.xcassets; sourceTree = "<group>"; };
		342FEE1D2463743C00FA6A4C /* Base */ = {isa = PBXFileReference; lastKnownFileType = file.storyboard; name = Base; path = Base.lproj/LaunchScreen.storyboard; sourceTree = "<group>"; };
		342FEE1F2463743C00FA6A4C /* Info.plist */ = {isa = PBXFileReference; lastKnownFileType = text.plist.xml; path = Info.plist; sourceTree = "<group>"; };
		342FEE2524637E9D00FA6A4C /* Student.swift */ = {isa = PBXFileReference; lastKnownFileType = sourcecode.swift; path = Student.swift; sourceTree = "<group>"; };
/* End PBXFileReference section */

/* Begin PBXFrameworksBuildPhase section */
		342FEE0B2463743C00FA6A4C /* Frameworks */ = {
			isa = PBXFrameworksBuildPhase;
			buildActionMask = 2147483647;
			files = (
			);
			runOnlyForDeploymentPostprocessing = 0;
		};
/* End PBXFrameworksBuildPhase section */

/* Begin PBXGroup section */
		342FEE052463743C00FA6A4C = {
			isa = PBXGroup;
			children = (
				342FEE102463743C00FA6A4C /* ITEA_04_Storyboard */,
				342FEE0F2463743C00FA6A4C /* Products */,
			);
			sourceTree = "<group>";
		};
		342FEE0F2463743C00FA6A4C /* Products */ = {
			isa = PBXGroup;
			children = (
				342FEE0E2463743C00FA6A4C /* ITEA_04_Storyboard.app */,
			);
			name = Products;
			sourceTree = "<group>";
		};
		342FEE102463743C00FA6A4C /* ITEA_04_Storyboard */ = {
			isa = PBXGroup;
			children = (
				342FEE2524637E9D00FA6A4C /* Student.swift */,
				342FEE112463743C00FA6A4C /* AppDelegate.swift */,
				342FEE132463743C00FA6A4C /* SceneDelegate.swift */,
				342FEE152463743C00FA6A4C /* ViewController.swift */,
				342FEE172463743C00FA6A4C /* Main.storyboard */,
				342FEE1A2463743C00FA6A4C /* Assets.xcassets */,
				342FEE1C2463743C00FA6A4C /* LaunchScreen.storyboard */,
				342FEE1F2463743C00FA6A4C /* Info.plist */,
			);
			path = ITEA_04_Storyboard;
			sourceTree = "<group>";
		};
/* End PBXGroup section */

/* Begin PBXNativeTarget section */
		342FEE0D2463743C00FA6A4C /* ITEA_04_Storyboard */ = {
			isa = PBXNativeTarget;
			buildConfigurationList = 342FEE222463743C00FA6A4C /* Build configuration list for PBXNativeTarget "ITEA_04_Storyboard" */;
			buildPhases = (
				342FEE0A2463743C00FA6A4C /* Sources */,
				342FEE0B2463743C00FA6A4C /* Frameworks */,
				342FEE0C2463743C00FA6A4C /* Resources */,
			);
			buildRules = (
			);
			dependencies = (
			);
			name = ITEA_04_Storyboard;
			productName = ITEA_04_Storyboard;
			productReference = 342FEE0E2463743C00FA6A4C /* ITEA_04_Storyboard.app */;
			productType = "com.apple.product-type.application";
		};
/* End PBXNativeTarget section */

/* Begin PBXProject section */
		342FEE062463743C00FA6A4C /* Project object */ = {
			isa = PBXProject;
			attributes = {
				LastSwiftUpdateCheck = 1140;
				LastUpgradeCheck = 1140;
				ORGANIZATIONNAME = "Oleksandr Kurtsev";
				TargetAttributes = {
					342FEE0D2463743C00FA6A4C = {
						CreatedOnToolsVersion = 11.4.1;
					};
				};
			};
			buildConfigurationList = 342FEE092463743C00FA6A4C /* Build configuration list for PBXProject "ITEA_04_Storyboard" */;
			compatibilityVersion = "Xcode 9.3";
			developmentRegion = en;
			hasScannedForEncodings = 0;
			knownRegions = (
				en,
				Base,
			);
			mainGroup = 342FEE052463743C00FA6A4C;
			productRefGroup = 342FEE0F2463743C00FA6A4C /* Products */;
			projectDirPath = "";
			projectRoot = "";
			targets = (
				342FEE0D2463743C00FA6A4C /* ITEA_04_Storyboard */,
			);
		};
/* End PBXProject section */

/* Begin PBXResourcesBuildPhase section */
		342FEE0C2463743C00FA6A4C /* Resources */ = {
			isa = PBXResourcesBuildPhase;
			buildActionMask = 2147483647;
			files = (
				342FEE1E2463743C00FA6A4C /* LaunchScreen.storyboard in Resources */,
				342FEE1B2463743C00FA6A4C /* Assets.xcassets in Resources */,
				342FEE192463743C00FA6A4C /* Main.storyboard in Resources */,
			);
			runOnlyForDeploymentPostprocessing = 0;
		};
/* End PBXResourcesBuildPhase section */

/* Begin PBXSourcesBuildPhase section */
		342FEE0A2463743C00FA6A4C /* Sources */ = {
			isa = PBXSourcesBuildPhase;
			buildActionMask = 2147483647;
			files = (
				342FEE162463743C00FA6A4C /* ViewController.swift in Sources */,
				342FEE122463743C00FA6A4C /* AppDelegate.swift in Sources */,
				342FEE142463743C00FA6A4C /* SceneDelegate.swift in Sources */,
				342FEE2624637E9D00FA6A4C /* Student.swift in Sources */,
			);
			runOnlyForDeploymentPostprocessing = 0;
		};
/* End PBXSourcesBuildPhase section */

/* Begin PBXVariantGroup section */
		342FEE172463743C00FA6A4C /* Main.storyboard */ = {
			isa = PBXVariantGroup;
			children = (
				342FEE182463743C00FA6A4C /* Base */,
			);
			name = Main.storyboard;
			sourceTree = "<group>";
		};
		342FEE1C2463743C00FA6A4C /* LaunchScreen.storyboard */ = {
			isa = PBXVariantGroup;
			children = (
				342FEE1D2463743C00FA6A4C /* Base */,
			);
			name = LaunchScreen.storyboard;
			sourceTree = "<group>";
		};
/* End PBXVariantGroup section */

/* Begin XCBuildConfiguration section */
		342FEE202463743C00FA6A4C /* Debug */ = {
			isa = XCBuildConfiguration;
			buildSettings = {
				ALWAYS_SEARCH_USER_PATHS = NO;
				CLANG_ANALYZER_NONNULL = YES;
				CLANG_ANALYZER_NUMBER_OBJECT_CONVERSION = YES_AGGRESSIVE;
				CLANG_CXX_LANGUAGE_STANDARD = "gnu++14";
				CLANG_CXX_LIBRARY = "libc++";
				CLANG_ENABLE_MODULES = YES;
				CLANG_ENABLE_OBJC_ARC = YES;
				CLANG_ENABLE_OBJC_WEAK = YES;
				CLANG_WARN_BLOCK_CAPTURE_AUTORELEASING = YES;
				CLANG_WARN_BOOL_CONVERSION = YES;
				CLANG_WARN_COMMA = YES;
				CLANG_WARN_CONSTANT_CONVERSION = YES;
				CLANG_WARN_DEPRECATED_OBJC_IMPLEMENTATIONS = YES;
				CLANG_WARN_DIRECT_OBJC_ISA_USAGE = YES_ERROR;
				CLANG_WARN_DOCUMENTATION_COMMENTS = YES;
				CLANG_WARN_EMPTY_BODY = YES;
				CLANG_WARN_ENUM_CONVERSION = YES;
				CLANG_WARN_INFINITE_RECURSION = YES;
				CLANG_WARN_INT_CONVERSION = YES;
				CLANG_WARN_NON_LITERAL_NULL_CONVERSION = YES;
				CLANG_WARN_OBJC_IMPLICIT_RETAIN_SELF = YES;
				CLANG_WARN_OBJC_LITERAL_CONVERSION = YES;
				CLANG_WARN_OBJC_ROOT_CLASS = YES_ERROR;
				CLANG_WARN_RANGE_LOOP_ANALYSIS = YES;
				CLANG_WARN_STRICT_PROTOTYPES = YES;
				CLANG_WARN_SUSPICIOUS_MOVE = YES;
				CLANG_WARN_UNGUARDED_AVAILABILITY = YES_AGGRESSIVE;
				CLANG_WARN_UNREACHABLE_CODE = YES;
				CLANG_WARN__DUPLICATE_METHOD_MATCH = YES;
				COPY_PHASE_STRIP = NO;
				DEBUG_INFORMATION_FORMAT = dwarf;
				ENABLE_STRICT_OBJC_MSGSEND = YES;
				ENABLE_TESTABILITY = YES;
				GCC_C_LANGUAGE_STANDARD = gnu11;
				GCC_DYNAMIC_NO_PIC = NO;
				GCC_NO_COMMON_BLOCKS = YES;
				GCC_OPTIMIZATION_LEVEL = 0;
				GCC_PREPROCESSOR_DEFINITIONS = (
					"DEBUG=1",
					"$(inherited)",
				);
				GCC_WARN_64_TO_32_BIT_CONVERSION = YES;
				GCC_WARN_ABOUT_RETURN_TYPE = YES_ERROR;
				GCC_WARN_UNDECLARED_SELECTOR = YES;
				GCC_WARN_UNINITIALIZED_AUTOS = YES_AGGRESSIVE;
				GCC_WARN_UNUSED_FUNCTION = YES;
				GCC_WARN_UNUSED_VARIABLE = YES;
				IPHONEOS_DEPLOYMENT_TARGET = 13.4;
				MTL_ENABLE_DEBUG_INFO = INCLUDE_SOURCE;
				MTL_FAST_MATH = YES;
				ONLY_ACTIVE_ARCH = YES;
				SDKROOT = iphoneos;
				SWIFT_ACTIVE_COMPILATION_CONDITIONS = DEBUG;
				SWIFT_OPTIMIZATION_LEVEL = "-Onone";
			};
			name = Debug;
		};
		342FEE212463743C00FA6A4C /* Release */ = {
			isa = XCBuildConfiguration;
			buildSettings = {
				ALWAYS_SEARCH_USER_PATHS = NO;
				CLANG_ANALYZER_NONNULL = YES;
				CLANG_ANALYZER_NUMBER_OBJECT_CONVERSION = YES_AGGRESSIVE;
				CLANG_CXX_LANGUAGE_STANDARD = "gnu++14";
				CLANG_CXX_LIBRARY = "libc++";
				CLANG_ENABLE_MODULES = YES;
				CLANG_ENABLE_OBJC_ARC = YES;
				CLANG_ENABLE_OBJC_WEAK = YES;
				CLANG_WARN_BLOCK_CAPTURE_AUTORELEASING = YES;
				CLANG_WARN_BOOL_CONVERSION = YES;
				CLANG_WARN_COMMA = YES;
				CLANG_WARN_CONSTANT_CONVERSION = YES;
				CLANG_WARN_DEPRECATED_OBJC_IMPLEMENTATIONS = YES;
				CLANG_WARN_DIRECT_OBJC_ISA_USAGE = YES_ERROR;
				CLANG_WARN_DOCUMENTATION_COMMENTS = YES;
				CLANG_WARN_EMPTY_BODY = YES;
				CLANG_WARN_ENUM_CONVERSION = YES;
				CLANG_WARN_INFINITE_RECURSION = YES;
				CLANG_WARN_INT_CONVERSION = YES;
				CLANG_WARN_NON_LITERAL_NULL_CONVERSION = YES;
				CLANG_WARN_OBJC_IMPLICIT_RETAIN_SELF = YES;
				CLANG_WARN_OBJC_LITERAL_CONVERSION = YES;
				CLANG_WARN_OBJC_ROOT_CLASS = YES_ERROR;
				CLANG_WARN_RANGE_LOOP_ANALYSIS = YES;
				CLANG_WARN_STRICT_PROTOTYPES = YES;
				CLANG_WARN_SUSPICIOUS_MOVE = YES;
				CLANG_WARN_UNGUARDED_AVAILABILITY = YES_AGGRESSIVE;
				CLANG_WARN_UNREACHABLE_CODE = YES;
				CLANG_WARN__DUPLICATE_METHOD_MATCH = YES;
				COPY_PHASE_STRIP = NO;
				DEBUG_INFORMATION_FORMAT = "dwarf-with-dsym";
				ENABLE_NS_ASSERTIONS = NO;
				ENABLE_STRICT_OBJC_MSGSEND = YES;
				GCC_C_LANGUAGE_STANDARD = gnu11;
				GCC_NO_COMMON_BLOCKS = YES;
				GCC_WARN_64_TO_32_BIT_CONVERSION = YES;
				GCC_WARN_ABOUT_RETURN_TYPE = YES_ERROR;
				GCC_WARN_UNDECLARED_SELECTOR = YES;
				GCC_WARN_UNINITIALIZED_AUTOS = YES_AGGRESSIVE;
				GCC_WARN_UNUSED_FUNCTION = YES;
				GCC_WARN_UNUSED_VARIABLE = YES;
				IPHONEOS_DEPLOYMENT_TARGET = 13.4;
				MTL_ENABLE_DEBUG_INFO = NO;
				MTL_FAST_MATH = YES;
				SDKROOT = iphoneos;
				SWIFT_COMPILATION_MODE = wholemodule;
				SWIFT_OPTIMIZATION_LEVEL = "-O";
				VALIDATE_PRODUCT = YES;
			};
			name = Release;
		};
		342FEE232463743C00FA6A4C /* Debug */ = {
			isa = XCBuildConfiguration;
			buildSettings = {
				ASSETCATALOG_COMPILER_APPICON_NAME = AppIcon;
				CODE_SIGN_STYLE = Automatic;
				DEVELOPMENT_TEAM = F93QJDSLD3;
				INFOPLIST_FILE = ITEA_04_Storyboard/Info.plist;
				LD_RUNPATH_SEARCH_PATHS = (
					"$(inherited)",
					"@executable_path/Frameworks",
				);
				PRODUCT_BUNDLE_IDENTIFIER = "com.oleksandrkurtsev.ITEA-04-Storyboard";
				PRODUCT_NAME = "$(TARGET_NAME)";
				SWIFT_VERSION = 5.0;
				TARGETED_DEVICE_FAMILY = "1,2";
			};
			name = Debug;
		};
		342FEE242463743C00FA6A4C /* Release */ = {
			isa = XCBuildConfiguration;
			buildSettings = {
				ASSETCATALOG_COMPILER_APPICON_NAME = AppIcon;
				CODE_SIGN_STYLE = Automatic;
				DEVELOPMENT_TEAM = F93QJDSLD3;
				INFOPLIST_FILE = ITEA_04_Storyboard/Info.plist;
				LD_RUNPATH_SEARCH_PATHS = (
					"$(inherited)",
					"@executable_path/Frameworks",
				);
				PRODUCT_BUNDLE_IDENTIFIER = "com.oleksandrkurtsev.ITEA-04-Storyboard";
				PRODUCT_NAME = "$(TARGET_NAME)";
				SWIFT_VERSION = 5.0;
				TARGETED_DEVICE_FAMILY = "1,2";
			};
			name = Release;
		};
/* End XCBuildConfiguration section */

/* Begin XCConfigurationList section */
		342FEE092463743C00FA6A4C /* Build configuration list for PBXProject "ITEA_04_Storyboard" */ = {
			isa = XCConfigurationList;
			buildConfigurations = (
				342FEE202463743C00FA6A4C /* Debug */,
				342FEE212463743C00FA6A4C /* Release */,
			);
			defaultConfigurationIsVisible = 0;
			defaultConfigurationName = Release;
		};
		342FEE222463743C00FA6A4C /* Build configuration list for PBXNativeTarget "ITEA_04_Storyboard" */ = {
			isa = XCConfigurationList;
			buildConfigurations = (
				342FEE232463743C00FA6A4C /* Debug */,
				342FEE242463743C00FA6A4C /* Release */,
			);
			defaultConfigurationIsVisible = 0;
			defaultConfigurationName = Release;
		};
/* End XCConfigurationList section */
	};
	rootObject = 342FEE062463743C00FA6A4C /* Project object */;
}
